hash: 4014eb646d6b169ab044db0ed92094529c6849df2139cfd7b8e87571bcd75533
updated: 2017-02-19T15:08:58.925624754+01:00
imports:
- name: github.com/cbroglie/mustache
  version: 6857e4b493bdb8d4b1931446eb41704aeb4c28cb
- name: github.com/ellcrys/util
  version: 5a02fdaf1126ed792c8c1fc1bfc20735e1769ff1
- name: github.com/fatih/color
  version: 7824417a424b65227be8ac9b14d545a7f3e6c3f0
- name: github.com/franela/goreq
  version: fc08df6ca2d4a0d1a5ae24739aa268863943e723
- name: github.com/fsnotify/fsnotify
  version: fd9ec7deca8bf46ecd2a795baaacf2b3a9be1197
- name: github.com/golang/protobuf
  version: 8ee79997227bf9b34611aee7946ae64735e6fd93
  subpackages:
  - proto
  - protoc-gen-go
- name: github.com/gorilla/context
  version: 08b5f424b9271eedf6f9f0ce86cb9396ed337a42
- name: github.com/gorilla/mux
  version: 392c28fe23e1c45ddba891b0320b3b5df220beea
- name: github.com/goware/urlx
  version: 8bb4a2e4339f55b15164907177e96e9faf885504
- name: github.com/hashicorp/hcl
  version: 80e628d796135357b3d2e33a985c666b9f35eee1
  subpackages:
  - hcl/ast
  - hcl/parser
  - hcl/scanner
  - hcl/strconv
  - hcl/token
  - json/parser
  - json/scanner
  - json/token
- name: github.com/hokaccha/go-prettyjson
  version: e6b9231a2b1cc5798b336fdbf99c16cd8ad1e0c9
- name: github.com/inconshreveable/mousetrap
  version: 76626ae9c91c4f2a10f34cad8ce83ea42c93bb75
- name: github.com/magiconair/properties
  version: 9c47895dc1ce54302908ab8a43385d1f5df2c11c
- name: github.com/mattn/go-colorable
  version: 5411d3eea5978e6cdc258b30de592b60df6aba96
  repo: https://github.com/mattn/go-colorable
- name: github.com/mattn/go-isatty
  version: dda3de49cbfcec471bd7a70e6cc01fcc3ff90109
  repo: https://github.com/mattn/go-isatty
- name: github.com/mitchellh/mapstructure
  version: bfdb1a85537d60bc7e954e600c250219ea497417
- name: github.com/ncodes/cocoon
  version: eb52e64cc241f83409d5875b180214746e681b47
  subpackages:
  - core/others
- name: github.com/op/go-logging
  version: b2cb9fa56473e98db8caba80237377e83fe44db5
- name: github.com/pelletier/go-buffruneio
  version: df1e16fde7fc330a0ca68167c23bf7ed6ac31d6d
- name: github.com/pelletier/go-toml
  version: 439fbba1f887c286024370cb4f281ba815c4c7d7
- name: github.com/PuerkitoBio/purell
  version: 0bcb03f4b4d0a9428594752bd2a3b9aa0a9d4bd4
- name: github.com/PuerkitoBio/urlesc
  version: 5bd2802263f21d8788851d5305584c82a5c75d7e
- name: github.com/satori/go.uuid
  version: 242673bbc820e051ef00033e274d32e08ece9e15
- name: github.com/Sirupsen/logrus
  version: 7f4b1adc791766938c29457bed0703fb9134421a
- name: github.com/spf13/afero
  version: 90dd71edc4d0a8b3511dc12ea15d617d03be09e0
  subpackages:
  - mem
- name: github.com/spf13/cast
  version: 56a7ecbeb18dde53c6db4bd96b541fd9741b8d44
- name: github.com/spf13/cobra
  version: ee4055870c2d5f7ce112642377e32c9929c3bbaf
- name: github.com/spf13/jwalterweatherman
  version: bccdd23ae5e51bd2b081814db093646c7af3d34d
- name: github.com/spf13/pflag
  version: 25f8b5b07aece3207895bf19f7ab517eb3b22a40
- name: github.com/spf13/viper
  version: 5ed0fc31f7f453625df314d8e66b9791e8d13003
- name: github.com/ugorji/go
  version: a396ed22fc049df733440d90efe17475e3929ccb
  subpackages:
  - codec
- name: golang.org/x/net
  version: ae05321a78c1401cec22ba7bc203b597ea372496
  subpackages:
  - context
  - http2
  - http2/hpack
  - idna
  - internal/timeseries
  - lex/httplex
  - trace
- name: golang.org/x/sys
  version: d75a52659825e75fff6158388dddc6a5b04f9ba5
  subpackages:
  - unix
- name: golang.org/x/text
  version: 44f4f658a783b0cee41fe0a23b8fc91d9c120558
  subpackages:
  - secure/bidirule
  - transform
  - unicode/bidi
  - unicode/norm
  - width
- name: google.golang.org/grpc
  version: 708a7f9f3283aa2d4f6132d287d78683babe55c8
  subpackages:
  - codes
  - credentials
  - grpclog
  - internal
  - metadata
  - naming
  - peer
  - stats
  - tap
  - transport
- name: gopkg.in/mgo.v2
  version: 3f83fa5005286a7fe593b055f0d7771a7dce4655
  subpackages:
  - bson
  - internal/json
- name: gopkg.in/yaml.v2
  version: a5b47d31c556af34a302ce5d659e6fea44d90de0
testImports: []
